
Microsoft Visual Studio Solution File, Format Version 12.00
# Visual Studio Version 16
VisualStudioVersion = 16.0.30128.74
MinimumVisualStudioVersion = 10.0.40219.1
Project("{FAE04EC0-301F-11D3-BF4B-00C04F79EFBC}") = "MailCat.API", "MailCat.API\MailCat.API.csproj", "{0F19D797-E596-433F-A1E6-13CE2109A395}"
EndProject
Global
	GlobalSection(SolutionConfigurationPlatforms) = preSolution
		Debug|Any CPU = Debug|Any CPU
		Release|Any CPU = Release|Any CPU
	EndGlobalSection
	GlobalSection(ProjectConfigurationPlatforms) = postSolution
		{0F19D797-E596-433F-A1E6-13CE2109A395}.Debug|Any CPU.ActiveCfg = Debug|Any CPU
		{0F19D797-E596-433F-A1E6-13CE2109A395}.Debug|Any CPU.Build.0 = Debug|Any CPU
		{0F19D797-E596-433F-A1E6-13CE2109A395}.Release|Any CPU.ActiveCfg = Release|Any CPU
		{0F19D797-E596-433F-A1E6-13CE2109A395}.Release|Any CPU.Build.0 = Release|Any CPU
	EndGlobalSection
	GlobalSection(SolutionProperties) = preSolution
		HideSolutionNode = FALSE
	EndGlobalSection
	GlobalSection(ExtensibilityGlobals) = postSolution
		SolutionGuid = {69E1066B-CE6C-4920-B062-7B062155DA4E}
	EndGlobalSection
EndGlobal
